
Microsoft Visual Studio Solution File, Format Version 12.00
# Visual Studio 15
VisualStudioVersion = 15.0.27004.2010
MinimumVisualStudioVersion = 10.0.40219.1
Project("{FAE04EC0-301F-11D3-BF4B-00C04F79EFBC}") = "GradePredictor", "GradePredictor.csproj", "{AD67BB06-2972-4207-9452-89FCA3C1F832}"
EndProject
Global
	GlobalSection(SolutionConfigurationPlatforms) = preSolution
		Debug|Any CPU = Debug|Any CPU
		Release|Any CPU = Release|Any CPU
	EndGlobalSection
	GlobalSection(ProjectConfigurationPlatforms) = postSolution
		{AD67BB06-2972-4207-9452-89FCA3C1F832}.Debug|Any CPU.ActiveCfg = Debug|Any CPU
		{AD67BB06-2972-4207-9452-89FCA3C1F832}.Debug|Any CPU.Build.0 = Debug|Any CPU
		{AD67BB06-2972-4207-9452-89FCA3C1F832}.Release|Any CPU.ActiveCfg = Release|Any CPU
		{AD67BB06-2972-4207-9452-89FCA3C1F832}.Release|Any CPU.Build.0 = Release|Any CPU
	EndGlobalSection
	GlobalSection(SolutionProperties) = preSolution
		HideSolutionNode = FALSE
	EndGlobalSection
	GlobalSection(ExtensibilityGlobals) = postSolution
		SolutionGuid = {1EF65E1C-EC19-4AE4-A9DC-2B3CD4E3B155}
	EndGlobalSection
EndGlobal
